Microsoft Visual Studio Solution File, Format Version 11.00
# Visual Studio 2010
Project("{FAE04EC0-301F-11D3-BF4B-00C04F79EFBC}") = "Assembly-CSharp-firstpass", "Assembly-CSharp-firstpass.csproj", "{05D98DF2-8C3C-688F-941C-575069DF0C74}"
EndProject
Project("{FAE04EC0-301F-11D3-BF4B-00C04F79EFBC}") = "Assembly-CSharp", "Assembly-CSharp.csproj", "{64DF92E8-96B9-A053-6BCA-A303A1C2846C}"
EndProject
Project("{FAE04EC0-301F-11D3-BF4B-00C04F79EFBC}") = "Assembly-CSharp-Editor-firstpass", "Assembly-CSharp-Editor-firstpass.csproj", "{BFD528A5-7341-2315-7C32-20F4286BE966}"
EndProject
Global
	GlobalSection(SolutionConfigurationPlatforms) = preSolution
		Debug|Any CPU = Debug|Any CPU
		Release|Any CPU = Release|Any CPU
	EndGlobalSection
	GlobalSection(ProjectConfigurationPlatforms) = postSolution
		{05D98DF2-8C3C-688F-941C-575069DF0C74}.Debug|Any CPU.ActiveCfg = Debug|Any CPU
		{05D98DF2-8C3C-688F-941C-575069DF0C74}.Debug|Any CPU.Build.0 = Debug|Any CPU
		{05D98DF2-8C3C-688F-941C-575069DF0C74}.Release|Any CPU.ActiveCfg = Release|Any CPU
		{05D98DF2-8C3C-688F-941C-575069DF0C74}.Release|Any CPU.Build.0 = Release|Any CPU
		{64DF92E8-96B9-A053-6BCA-A303A1C2846C}.Debug|Any CPU.ActiveCfg = Debug|Any CPU
		{64DF92E8-96B9-A053-6BCA-A303A1C2846C}.Debug|Any CPU.Build.0 = Debug|Any CPU
		{64DF92E8-96B9-A053-6BCA-A303A1C2846C}.Release|Any CPU.ActiveCfg = Release|Any CPU
		{64DF92E8-96B9-A053-6BCA-A303A1C2846C}.Release|Any CPU.Build.0 = Release|Any CPU
		{BFD528A5-7341-2315-7C32-20F4286BE966}.Debug|Any CPU.ActiveCfg = Debug|Any CPU
		{BFD528A5-7341-2315-7C32-20F4286BE966}.Debug|Any CPU.Build.0 = Debug|Any CPU
		{BFD528A5-7341-2315-7C32-20F4286BE966}.Release|Any CPU.ActiveCfg = Release|Any CPU
		{BFD528A5-7341-2315-7C32-20F4286BE966}.Release|Any CPU.Build.0 = Release|Any CPU
	EndGlobalSection
	GlobalSection(SolutionProperties) = preSolution
		HideSolutionNode = FALSE
	EndGlobalSection
	GlobalSection(MonoDevelopProperties) = preSolution
		StartupItem = Assembly-CSharp.csproj
	EndGlobalSection
EndGlobal
